
Microsoft Visual Studio Solution File, Format Version 12.00
# Visual Studio Version 17
VisualStudioVersion = 17.13.35825.156
MinimumVisualStudioVersion = 10.0.40219.1
Project("{8BC9CEB8-8B4A-11D0-8D11-00A0C91BC942}") = "DataContainers", "DataContainers\DataContainers.vcxproj", "{3CDBF44F-6997-4EBD-97CA-93A0B617F810}"
EndProject
Project("{8BC9CEB8-8B4A-11D0-8D11-00A0C91BC942}") = "ForwardList", "ForwardList\ForwardList.vcxproj", "{57331F1A-768A-48CB-A610-6313B64C2FCF}"
EndProject
Project("{8BC9CEB8-8B4A-11D0-8D11-00A0C91BC942}") = "List", "List\List.vcxproj", "{DED232D1-2F33-4D4D-BB44-411354C1A933}"
EndProject
Project("{8BC9CEB8-8B4A-11D0-8D11-00A0C91BC942}") = "Binary Tree", "Binary Tree\Binary Tree.vcxproj", "{7ACDD827-8EB8-46A2-A573-A4F7155ACAF9}"
EndProject
Project("{8BC9CEB8-8B4A-11D0-8D11-00A0C91BC942}") = "Recussion", "Recussion\Recussion.vcxproj", "{A92541D7-CE46-4B9D-8D14-84089047E98C}"
EndProject
Global
	GlobalSection(SolutionConfigurationPlatforms) = preSolution
		Debug|x64 = Debug|x64
		Debug|x86 = Debug|x86
		Release|x64 = Release|x64
		Release|x86 = Release|x86
	EndGlobalSection
	GlobalSection(ProjectConfigurationPlatforms) = postSolution
		{3CDBF44F-6997-4EBD-97CA-93A0B617F810}.Debug|x64.ActiveCfg = Debug|x64
		{3CDBF44F-6997-4EBD-97CA-93A0B617F810}.Debug|x64.Build.0 = Debug|x64
		{3CDBF44F-6997-4EBD-97CA-93A0B617F810}.Debug|x86.ActiveCfg = Debug|Win32
		{3CDBF44F-6997-4EBD-97CA-93A0B617F810}.Debug|x86.Build.0 = Debug|Win32
		{3CDBF44F-6997-4EBD-97CA-93A0B617F810}.Release|x64.ActiveCfg = Release|x64
		{3CDBF44F-6997-4EBD-97CA-93A0B617F810}.Release|x64.Build.0 = Release|x64
		{3CDBF44F-6997-4EBD-97CA-93A0B617F810}.Release|x86.ActiveCfg = Release|Win32
		{3CDBF44F-6997-4EBD-97CA-93A0B617F810}.Release|x86.Build.0 = Release|Win32
		{57331F1A-768A-48CB-A610-6313B64C2FCF}.Debug|x64.ActiveCfg = Debug|x64
		{57331F1A-768A-48CB-A610-6313B64C2FCF}.Debug|x64.Build.0 = Debug|x64
		{57331F1A-768A-48CB-A610-6313B64C2FCF}.Debug|x86.ActiveCfg = Debug|Win32
		{57331F1A-768A-48CB-A610-6313B64C2FCF}.Debug|x86.Build.0 = Debug|Win32
		{57331F1A-768A-48CB-A610-6313B64C2FCF}.Release|x64.ActiveCfg = Release|x64
		{57331F1A-768A-48CB-A610-6313B64C2FCF}.Release|x64.Build.0 = Release|x64
		{57331F1A-768A-48CB-A610-6313B64C2FCF}.Release|x86.ActiveCfg = Release|Win32
		{57331F1A-768A-48CB-A610-6313B64C2FCF}.Release|x86.Build.0 = Release|Win32
		{DED232D1-2F33-4D4D-BB44-411354C1A933}.Debug|x64.ActiveCfg = Debug|x64
		{DED232D1-2F33-4D4D-BB44-411354C1A933}.Debug|x64.Build.0 = Debug|x64
		{DED232D1-2F33-4D4D-BB44-411354C1A933}.Debug|x86.ActiveCfg = Debug|Win32
		{DED232D1-2F33-4D4D-BB44-411354C1A933}.Debug|x86.Build.0 = Debug|Win32
		{DED232D1-2F33-4D4D-BB44-411354C1A933}.Release|x64.ActiveCfg = Release|x64
		{DED232D1-2F33-4D4D-BB44-411354C1A933}.Release|x64.Build.0 = Release|x64
		{DED232D1-2F33-4D4D-BB44-411354C1A933}.Release|x86.ActiveCfg = Release|Win32
		{DED232D1-2F33-4D4D-BB44-411354C1A933}.Release|x86.Build.0 = Release|Win32
		{7ACDD827-8EB8-46A2-A573-A4F7155ACAF9}.Debug|x64.ActiveCfg = Debug|x64
		{7ACDD827-8EB8-46A2-A573-A4F7155ACAF9}.Debug|x64.Build.0 = Debug|x64
		{7ACDD827-8EB8-46A2-A573-A4F7155ACAF9}.Debug|x86.ActiveCfg = Debug|Win32
		{7ACDD827-8EB8-46A2-A573-A4F7155ACAF9}.Debug|x86.Build.0 = Debug|Win32
		{7ACDD827-8EB8-46A2-A573-A4F7155ACAF9}.Release|x64.ActiveCfg = Release|x64
		{7ACDD827-8EB8-46A2-A573-A4F7155ACAF9}.Release|x64.Build.0 = Release|x64
		{7ACDD827-8EB8-46A2-A573-A4F7155ACAF9}.Release|x86.ActiveCfg = Release|Win32
		{7ACDD827-8EB8-46A2-A573-A4F7155ACAF9}.Release|x86.Build.0 = Release|Win32
		{A92541D7-CE46-4B9D-8D14-84089047E98C}.Debug|x64.ActiveCfg = Debug|x64
		{A92541D7-CE46-4B9D-8D14-84089047E98C}.Debug|x64.Build.0 = Debug|x64
		{A92541D7-CE46-4B9D-8D14-84089047E98C}.Debug|x86.ActiveCfg = Debug|Win32
		{A92541D7-CE46-4B9D-8D14-84089047E98C}.Debug|x86.Build.0 = Debug|Win32
		{A92541D7-CE46-4B9D-8D14-84089047E98C}.Release|x64.ActiveCfg = Release|x64
		{A92541D7-CE46-4B9D-8D14-84089047E98C}.Release|x64.Build.0 = Release|x64
		{A92541D7-CE46-4B9D-8D14-84089047E98C}.Release|x86.ActiveCfg = Release|Win32
		{A92541D7-CE46-4B9D-8D14-84089047E98C}.Release|x86.Build.0 = Release|Win32
	EndGlobalSection
	GlobalSection(SolutionProperties) = preSolution
		HideSolutionNode = FALSE
	EndGlobalSection
	GlobalSection(ExtensibilityGlobals) = postSolution
		SolutionGuid = {2E1A8EE9-B66C-4E2E-B5E6-40CD13F67A56}
	EndGlobalSection
EndGlobal
